
Microsoft Visual Studio Solution File, Format Version 12.00
# Visual Studio Version 17
VisualStudioVersion = 17.0.32112.339
MinimumVisualStudioVersion = 10.0.40219.1
Project("{FAE04EC0-301F-11D3-BF4B-00C04F79EFBC}") = "SkipWhileBenchmark", "SkipWhileBenchmark.csproj", "{F933E943-CA1A-4568-A07A-92C54A0F8744}"
EndProject
Global
	GlobalSection(SolutionConfigurationPlatforms) = preSolution
		Debug|Any CPU = Debug|Any CPU
		Release|Any CPU = Release|Any CPU
	EndGlobalSection
	GlobalSection(ProjectConfigurationPlatforms) = postSolution
		{F933E943-CA1A-4568-A07A-92C54A0F8744}.Debug|Any CPU.ActiveCfg = Debug|Any CPU
		{F933E943-CA1A-4568-A07A-92C54A0F8744}.Debug|Any CPU.Build.0 = Debug|Any CPU
		{F933E943-CA1A-4568-A07A-92C54A0F8744}.Release|Any CPU.ActiveCfg = Release|Any CPU
		{F933E943-CA1A-4568-A07A-92C54A0F8744}.Release|Any CPU.Build.0 = Release|Any CPU
	EndGlobalSection
	GlobalSection(SolutionProperties) = preSolution
		HideSolutionNode = FALSE
	EndGlobalSection
	GlobalSection(ExtensibilityGlobals) = postSolution
		SolutionGuid = {8487A42D-6E3D-4EE4-AF45-357ACDEE7FCF}
	EndGlobalSection
EndGlobal
